// !$*UTF8*$!
{
	archiveVersion = 1;
	classes = {
	};
	objectVersion = 56;
	objects = {

/* Begin PBXBuildFile section */
		722C06012C060E98003D1530 /* WifiDetectorDetail.swift in Sources */ = {isa = PBXBuildFile; fileRef = 722C06002C060E98003D1530 /* WifiDetectorDetail.swift */; };
		722C06032C062F2A003D1530 /* DeviceCell.swift in Sources */ = {isa = PBXBuildFile; fileRef = 722C06022C062F2A003D1530 /* DeviceCell.swift */; };
		722C06052C0639F4003D1530 /* DeviceDetailCell.swift in Sources */ = {isa = PBXBuildFile; fileRef = 722C06042C0639F4003D1530 /* DeviceDetailCell.swift */; };
		726515222C04D2080030840E /* MagneticView.swift in Sources */ = {isa = PBXBuildFile; fileRef = 726515212C04D2080030840E /* MagneticView.swift */; };
		726515242C05F40E0030840E /* SpeedometrView.swift in Sources */ = {isa = PBXBuildFile; fileRef = 726515232C05F40E0030840E /* SpeedometrView.swift */; };
		726515262C05F4F90030840E /* WifiDetector.swift in Sources */ = {isa = PBXBuildFile; fileRef = 726515252C05F4F90030840E /* WifiDetector.swift */; };
		726515292C0606C60030840E /* Lottie in Frameworks */ = {isa = PBXBuildFile; productRef = 726515282C0606C60030840E /* Lottie */; };
		7265152C2C0607050030840E /* animationHS6.json in Resources */ = {isa = PBXBuildFile; fileRef = 7265152B2C0607050030840E /* animationHS6.json */; };
		7265152F2C0607840030840E /* LottieAnimations.swift in Sources */ = {isa = PBXBuildFile; fileRef = 7265152E2C0607840030840E /* LottieAnimations.swift */; };
		72A980DA2C04B1FD00EB033F /* MagneticTTApp.swift in Sources */ = {isa = PBXBuildFile; fileRef = 72A980D92C04B1FD00EB033F /* MagneticTTApp.swift */; };
		72A980DC2C04B1FD00EB033F /* Persistence.swift in Sources */ = {isa = PBXBuildFile; fileRef = 72A980DB2C04B1FD00EB033F /* Persistence.swift */; };
		72A980DF2C04B1FD00EB033F /* MagneticTT.xcdatamodeld in Sources */ = {isa = PBXBuildFile; fileRef = 72A980DD2C04B1FD00EB033F /* MagneticTT.xcdatamodeld */; };
		72A980E32C04B1FF00EB033F /* Assets.xcassets in Resources */ = {isa = PBXBuildFile; fileRef = 72A980E22C04B1FF00EB033F /* Assets.xcassets */; };
		72A980E72C04B1FF00EB033F /* Preview Assets.xcassets in Resources */ = {isa = PBXBuildFile; fileRef = 72A980E62C04B1FF00EB033F /* Preview Assets.xcassets */; };
		72A980EE2C04B22400EB033F /* MainView.swift in Sources */ = {isa = PBXBuildFile; fileRef = 72A980ED2C04B22400EB033F /* MainView.swift */; };
		72A980F32C04CF7800EB033F /* Roboto-Medium.ttf in Resources */ = {isa = PBXBuildFile; fileRef = 72A980F22C04CF7800EB033F /* Roboto-Medium.ttf */; };
		72A980F52C04CF9E00EB033F /* Roboto-Bold.ttf in Resources */ = {isa = PBXBuildFile; fileRef = 72A980F42C04CF9E00EB033F /* Roboto-Bold.ttf */; };
		72A980F72C04CFBE00EB033F /* Roboto-Regular.ttf in Resources */ = {isa = PBXBuildFile; fileRef = 72A980F62C04CFBE00EB033F /* Roboto-Regular.ttf */; };
/* End PBXBuildFile section */

/* Begin PBXFileReference section */
		722C06002C060E98003D1530 /* WifiDetectorDetail.swift */ = {isa = PBXFileReference; lastKnownFileType = sourcecode.swift; path = WifiDetectorDetail.swift; sourceTree = "<group>"; };
		722C06022C062F2A003D1530 /* DeviceCell.swift */ = {isa = PBXFileReference; lastKnownFileType = sourcecode.swift; path = DeviceCell.swift; sourceTree = "<group>"; };
		722C06042C0639F4003D1530 /* DeviceDetailCell.swift */ = {isa = PBXFileReference; lastKnownFileType = sourcecode.swift; path = DeviceDetailCell.swift; sourceTree = "<group>"; };
		726515212C04D2080030840E /* MagneticView.swift */ = {isa = PBXFileReference; lastKnownFileType = sourcecode.swift; path = MagneticView.swift; sourceTree = "<group>"; };
		726515232C05F40E0030840E /* SpeedometrView.swift */ = {isa = PBXFileReference; lastKnownFileType = sourcecode.swift; path = SpeedometrView.swift; sourceTree = "<group>"; };
		726515252C05F4F90030840E /* WifiDetector.swift */ = {isa = PBXFileReference; lastKnownFileType = sourcecode.swift; path = WifiDetector.swift; sourceTree = "<group>"; };
		7265152B2C0607050030840E /* animationHS6.json */ = {isa = PBXFileReference; fileEncoding = 4; lastKnownFileType = text.json; path = animationHS6.json; sourceTree = "<group>"; };
		7265152E2C0607840030840E /* LottieAnimations.swift */ = {isa = PBXFileReference; lastKnownFileType = sourcecode.swift; path = LottieAnimations.swift; sourceTree = "<group>"; };
		72A980D62C04B1FD00EB033F /* MagneticTT.app */ = {isa = PBXFileReference; explicitFileType = wrapper.application; includeInIndex = 0; path = MagneticTT.app; sourceTree = BUILT_PRODUCTS_DIR; };
		72A980D92C04B1FD00EB033F /* MagneticTTApp.swift */ = {isa = PBXFileReference; lastKnownFileType = sourcecode.swift; path = MagneticTTApp.swift; sourceTree = "<group>"; };
		72A980DB2C04B1FD00EB033F /* Persistence.swift */ = {isa = PBXFileReference; lastKnownFileType = sourcecode.swift; path = Persistence.swift; sourceTree = "<group>"; };
		72A980DE2C04B1FD00EB033F /* MagneticTT.xcdatamodel */ = {isa = PBXFileReference; lastKnownFileType = wrapper.xcdatamodel; path = MagneticTT.xcdatamodel; sourceTree = "<group>"; };
		72A980E22C04B1FF00EB033F /* Assets.xcassets */ = {isa = PBXFileReference; lastKnownFileType = folder.assetcatalog; path = Assets.xcassets; sourceTree = "<group>"; };
		72A980E42C04B1FF00EB033F /* MagneticTT.entitlements */ = {isa = PBXFileReference; lastKnownFileType = text.plist.entitlements; path = MagneticTT.entitlements; sourceTree = "<group>"; };
		72A980E62C04B1FF00EB033F /* Preview Assets.xcassets */ = {isa = PBXFileReference; lastKnownFileType = folder.assetcatalog; path = "Preview Assets.xcassets"; sourceTree = "<group>"; };
		72A980ED2C04B22400EB033F /* MainView.swift */ = {isa = PBXFileReference; lastKnownFileType = sourcecode.swift; path = MainView.swift; sourceTree = "<group>"; };
		72A980F12C04CDD400EB033F /* Info.plist */ = {isa = PBXFileReference; lastKnownFileType = text.plist; path = Info.plist; sourceTree = "<group>"; };
		72A980F22C04CF7800EB033F /* Roboto-Medium.ttf */ = {isa = PBXFileReference; lastKnownFileType = file; path = "Roboto-Medium.ttf"; sourceTree = "<group>"; };
		72A980F42C04CF9E00EB033F /* Roboto-Bold.ttf */ = {isa = PBXFileReference; lastKnownFileType = file; path = "Roboto-Bold.ttf"; sourceTree = "<group>"; };
		72A980F62C04CFBE00EB033F /* Roboto-Regular.ttf */ = {isa = PBXFileReference; lastKnownFileType = file; path = "Roboto-Regular.ttf"; sourceTree = "<group>"; };
/* End PBXFileReference section */

/* Begin PBXFrameworksBuildPhase section */
		72A980D32C04B1FD00EB033F /* Frameworks */ = {
			isa = PBXFrameworksBuildPhase;
			buildActionMask = 2147483647;
			files = (
				726515292C0606C60030840E /* Lottie in Frameworks */,
			);
			runOnlyForDeploymentPostprocessing = 0;
		};
/* End PBXFrameworksBuildPhase section */

/* Begin PBXGroup section */
		726515202C04D1ED0030840E /* Views */ = {
			isa = PBXGroup;
			children = (
				7265152D2C06076B0030840E /* Lottie */,
				726515212C04D2080030840E /* MagneticView.swift */,
				726515232C05F40E0030840E /* SpeedometrView.swift */,
				726515252C05F4F90030840E /* WifiDetector.swift */,
				722C06002C060E98003D1530 /* WifiDetectorDetail.swift */,
				722C06022C062F2A003D1530 /* DeviceCell.swift */,
				722C06042C0639F4003D1530 /* DeviceDetailCell.swift */,
			);
			path = Views;
			sourceTree = "<group>";
		};
		7265152A2C0606EF0030840E /* Utils */ = {
			isa = PBXGroup;
			children = (
				7265152B2C0607050030840E /* animationHS6.json */,
			);
			path = Utils;
			sourceTree = "<group>";
		};
		7265152D2C06076B0030840E /* Lottie */ = {
			isa = PBXGroup;
			children = (
				7265152E2C0607840030840E /* LottieAnimations.swift */,
			);
			path = Lottie;
			sourceTree = "<group>";
		};
		72A980CD2C04B1FD00EB033F = {
			isa = PBXGroup;
			children = (
				72A980D82C04B1FD00EB033F /* MagneticTT */,
				72A980D72C04B1FD00EB033F /* Products */,
			);
			sourceTree = "<group>";
		};
		72A980D72C04B1FD00EB033F /* Products */ = {
			isa = PBXGroup;
			children = (
				72A980D62C04B1FD00EB033F /* MagneticTT.app */,
			);
			name = Products;
			sourceTree = "<group>";
		};
		72A980D82C04B1FD00EB033F /* MagneticTT */ = {
			isa = PBXGroup;
			children = (
				7265152A2C0606EF0030840E /* Utils */,
				726515202C04D1ED0030840E /* Views */,
				72A980F12C04CDD400EB033F /* Info.plist */,
				72A980F02C04C7C600EB033F /* Resources */,
				72A980EF2C04B25100EB033F /* CoreData */,
				72A980ED2C04B22400EB033F /* MainView.swift */,
				72A980E22C04B1FF00EB033F /* Assets.xcassets */,
				72A980E42C04B1FF00EB033F /* MagneticTT.entitlements */,
				72A980D92C04B1FD00EB033F /* MagneticTTApp.swift */,
				72A980E52C04B1FF00EB033F /* Preview Content */,
			);
			path = MagneticTT;
			sourceTree = "<group>";
		};
		72A980E52C04B1FF00EB033F /* Preview Content */ = {
			isa = PBXGroup;
			children = (
				72A980E62C04B1FF00EB033F /* Preview Assets.xcassets */,
			);
			path = "Preview Content";
			sourceTree = "<group>";
		};
		72A980EF2C04B25100EB033F /* CoreData */ = {
			isa = PBXGroup;
			children = (
				72A980DD2C04B1FD00EB033F /* MagneticTT.xcdatamodeld */,
				72A980DB2C04B1FD00EB033F /* Persistence.swift */,
			);
			path = CoreData;
			sourceTree = "<group>";
		};
		72A980F02C04C7C600EB033F /* Resources */ = {
			isa = PBXGroup;
			children = (
				72A980F42C04CF9E00EB033F /* Roboto-Bold.ttf */,
				72A980F62C04CFBE00EB033F /* Roboto-Regular.ttf */,
				72A980F22C04CF7800EB033F /* Roboto-Medium.ttf */,
			);
			path = Resources;
			sourceTree = "<group>";
		};
/* End PBXGroup section */

/* Begin PBXNativeTarget section */
		72A980D52C04B1FD00EB033F /* MagneticTT */ = {
			isa = PBXNativeTarget;
			buildConfigurationList = 72A980EA2C04B1FF00EB033F /* Build configuration list for PBXNativeTarget "MagneticTT" */;
			buildPhases = (
				72A980D22C04B1FD00EB033F /* Sources */,
				72A980D32C04B1FD00EB033F /* Frameworks */,
				72A980D42C04B1FD00EB033F /* Resources */,
			);
			buildRules = (
			);
			dependencies = (
			);
			name = MagneticTT;
			packageProductDependencies = (
				726515282C0606C60030840E /* Lottie */,
			);
			productName = MagneticTT;
			productReference = 72A980D62C04B1FD00EB033F /* MagneticTT.app */;
			productType = "com.apple.product-type.application";
		};
/* End PBXNativeTarget section */

/* Begin PBXProject section */
		72A980CE2C04B1FD00EB033F /* Project object */ = {
			isa = PBXProject;
			attributes = {
				BuildIndependentTargetsInParallel = 1;
				LastSwiftUpdateCheck = 1530;
				LastUpgradeCheck = 1530;
				TargetAttributes = {
					72A980D52C04B1FD00EB033F = {
						CreatedOnToolsVersion = 15.3;
					};
				};
			};
			buildConfigurationList = 72A980D12C04B1FD00EB033F /* Build configuration list for PBXProject "MagneticTT" */;
			compatibilityVersion = "Xcode 14.0";
			developmentRegion = en;
			hasScannedForEncodings = 0;
			knownRegions = (
				en,
				Base,
			);
			mainGroup = 72A980CD2C04B1FD00EB033F;
			packageReferences = (
				726515272C0606C60030840E /* XCRemoteSwiftPackageReference "lottie-ios" */,
			);
			productRefGroup = 72A980D72C04B1FD00EB033F /* Products */;
			projectDirPath = "";
			projectRoot = "";
			targets = (
				72A980D52C04B1FD00EB033F /* MagneticTT */,
			);
		};
/* End PBXProject section */

/* Begin PBXResourcesBuildPhase section */
		72A980D42C04B1FD00EB033F /* Resources */ = {
			isa = PBXResourcesBuildPhase;
			buildActionMask = 2147483647;
			files = (
				72A980E72C04B1FF00EB033F /* Preview Assets.xcassets in Resources */,
				72A980E32C04B1FF00EB033F /* Assets.xcassets in Resources */,
				72A980F72C04CFBE00EB033F /* Roboto-Regular.ttf in Resources */,
				72A980F52C04CF9E00EB033F /* Roboto-Bold.ttf in Resources */,
				7265152C2C0607050030840E /* animationHS6.json in Resources */,
				72A980F32C04CF7800EB033F /* Roboto-Medium.ttf in Resources */,
			);
			runOnlyForDeploymentPostprocessing = 0;
		};
/* End PBXResourcesBuildPhase section */

/* Begin PBXSourcesBuildPhase section */
		72A980D22C04B1FD00EB033F /* Sources */ = {
			isa = PBXSourcesBuildPhase;
			buildActionMask = 2147483647;
			files = (
				726515242C05F40E0030840E /* SpeedometrView.swift in Sources */,
				72A980DA2C04B1FD00EB033F /* MagneticTTApp.swift in Sources */,
				726515222C04D2080030840E /* MagneticView.swift in Sources */,
				722C06032C062F2A003D1530 /* DeviceCell.swift in Sources */,
				722C06052C0639F4003D1530 /* DeviceDetailCell.swift in Sources */,
				72A980DC2C04B1FD00EB033F /* Persistence.swift in Sources */,
				72A980EE2C04B22400EB033F /* MainView.swift in Sources */,
				7265152F2C0607840030840E /* LottieAnimations.swift in Sources */,
				722C06012C060E98003D1530 /* WifiDetectorDetail.swift in Sources */,
				72A980DF2C04B1FD00EB033F /* MagneticTT.xcdatamodeld in Sources */,
				726515262C05F4F90030840E /* WifiDetector.swift in Sources */,
			);
			runOnlyForDeploymentPostprocessing = 0;
		};
/* End PBXSourcesBuildPhase section */

/* Begin XCBuildConfiguration section */
		72A980E82C04B1FF00EB033F /* Debug */ = {
			isa = XCBuildConfiguration;
			buildSettings = {
				ALWAYS_SEARCH_USER_PATHS = NO;
				ASSETCATALOG_COMPILER_GENERATE_SWIFT_ASSET_SYMBOL_EXTENSIONS = YES;
				CLANG_ANALYZER_NONNULL = YES;
				CLANG_ANALYZER_NUMBER_OBJECT_CONVERSION = YES_AGGRESSIVE;
				CLANG_CXX_LANGUAGE_STANDARD = "gnu++20";
				CLANG_ENABLE_MODULES = YES;
				CLANG_ENABLE_OBJC_ARC = YES;
				CLANG_ENABLE_OBJC_WEAK = YES;
				CLANG_WARN_BLOCK_CAPTURE_AUTORELEASING = YES;
				CLANG_WARN_BOOL_CONVERSION = YES;
				CLANG_WARN_COMMA = YES;
				CLANG_WARN_CONSTANT_CONVERSION = YES;
				CLANG_WARN_DEPRECATED_OBJC_IMPLEMENTATIONS = YES;
				CLANG_WARN_DIRECT_OBJC_ISA_USAGE = YES_ERROR;
				CLANG_WARN_DOCUMENTATION_COMMENTS = YES;
				CLANG_WARN_EMPTY_BODY = YES;
				CLANG_WARN_ENUM_CONVERSION = YES;
				CLANG_WARN_INFINITE_RECURSION = YES;
				CLANG_WARN_INT_CONVERSION = YES;
				CLANG_WARN_NON_LITERAL_NULL_CONVERSION = YES;
				CLANG_WARN_OBJC_IMPLICIT_RETAIN_SELF = YES;
				CLANG_WARN_OBJC_LITERAL_CONVERSION = YES;
				CLANG_WARN_OBJC_ROOT_CLASS = YES_ERROR;
				CLANG_WARN_QUOTED_INCLUDE_IN_FRAMEWORK_HEADER = YES;
				CLANG_WARN_RANGE_LOOP_ANALYSIS = YES;
				CLANG_WARN_STRICT_PROTOTYPES = YES;
				CLANG_WARN_SUSPICIOUS_MOVE = YES;
				CLANG_WARN_UNGUARDED_AVAILABILITY = YES_AGGRESSIVE;
				CLANG_WARN_UNREACHABLE_CODE = YES;
				CLANG_WARN__DUPLICATE_METHOD_MATCH = YES;
				COPY_PHASE_STRIP = NO;
				DEBUG_INFORMATION_FORMAT = dwarf;
				ENABLE_STRICT_OBJC_MSGSEND = YES;
				ENABLE_TESTABILITY = YES;
				ENABLE_USER_SCRIPT_SANDBOXING = YES;
				GCC_C_LANGUAGE_STANDARD = gnu17;
				GCC_DYNAMIC_NO_PIC = NO;
				GCC_NO_COMMON_BLOCKS = YES;
				GCC_OPTIMIZATION_LEVEL = 0;
				GCC_PREPROCESSOR_DEFINITIONS = (
					"DEBUG=1",
					"$(inherited)",
				);
				GCC_WARN_64_TO_32_BIT_CONVERSION = YES;
				GCC_WARN_ABOUT_RETURN_TYPE = YES_ERROR;
				GCC_WARN_UNDECLARED_SELECTOR = YES;
				GCC_WARN_UNINITIALIZED_AUTOS = YES_AGGRESSIVE;
				GCC_WARN_UNUSED_FUNCTION = YES;
				GCC_WARN_UNUSED_VARIABLE = YES;
				LOCALIZATION_PREFERS_STRING_CATALOGS = YES;
				MTL_ENABLE_DEBUG_INFO = INCLUDE_SOURCE;
				MTL_FAST_MATH = YES;
				ONLY_ACTIVE_ARCH = YES;
				SWIFT_ACTIVE_COMPILATION_CONDITIONS = "DEBUG $(inherited)";
				SWIFT_OPTIMIZATION_LEVEL = "-Onone";
			};
			name = Debug;
		};
		72A980E92C04B1FF00EB033F /* Release */ = {
			isa = XCBuildConfiguration;
			buildSettings = {
				ALWAYS_SEARCH_USER_PATHS = NO;
				ASSETCATALOG_COMPILER_GENERATE_SWIFT_ASSET_SYMBOL_EXTENSIONS = YES;
				CLANG_ANALYZER_NONNULL = YES;
				CLANG_ANALYZER_NUMBER_OBJECT_CONVERSION = YES_AGGRESSIVE;
				CLANG_CXX_LANGUAGE_STANDARD = "gnu++20";
				CLANG_ENABLE_MODULES = YES;
				CLANG_ENABLE_OBJC_ARC = YES;
				CLANG_ENABLE_OBJC_WEAK = YES;
				CLANG_WARN_BLOCK_CAPTURE_AUTORELEASING = YES;
				CLANG_WARN_BOOL_CONVERSION = YES;
				CLANG_WARN_COMMA = YES;
				CLANG_WARN_CONSTANT_CONVERSION = YES;
				CLANG_WARN_DEPRECATED_OBJC_IMPLEMENTATIONS = YES;
				CLANG_WARN_DIRECT_OBJC_ISA_USAGE = YES_ERROR;
				CLANG_WARN_DOCUMENTATION_COMMENTS = YES;
				CLANG_WARN_EMPTY_BODY = YES;
				CLANG_WARN_ENUM_CONVERSION = YES;
				CLANG_WARN_INFINITE_RECURSION = YES;
				CLANG_WARN_INT_CONVERSION = YES;
				CLANG_WARN_NON_LITERAL_NULL_CONVERSION = YES;
				CLANG_WARN_OBJC_IMPLICIT_RETAIN_SELF = YES;
				CLANG_WARN_OBJC_LITERAL_CONVERSION = YES;
				CLANG_WARN_OBJC_ROOT_CLASS = YES_ERROR;
				CLANG_WARN_QUOTED_INCLUDE_IN_FRAMEWORK_HEADER = YES;
				CLANG_WARN_RANGE_LOOP_ANALYSIS = YES;
				CLANG_WARN_STRICT_PROTOTYPES = YES;
				CLANG_WARN_SUSPICIOUS_MOVE = YES;
				CLANG_WARN_UNGUARDED_AVAILABILITY = YES_AGGRESSIVE;
				CLANG_WARN_UNREACHABLE_CODE = YES;
				CLANG_WARN__DUPLICATE_METHOD_MATCH = YES;
				COPY_PHASE_STRIP = NO;
				DEBUG_INFORMATION_FORMAT = "dwarf-with-dsym";
				ENABLE_NS_ASSERTIONS = NO;
				ENABLE_STRICT_OBJC_MSGSEND = YES;
				ENABLE_USER_SCRIPT_SANDBOXING = YES;
				GCC_C_LANGUAGE_STANDARD = gnu17;
				GCC_NO_COMMON_BLOCKS = YES;
				GCC_WARN_64_TO_32_BIT_CONVERSION = YES;
				GCC_WARN_ABOUT_RETURN_TYPE = YES_ERROR;
				GCC_WARN_UNDECLARED_SELECTOR = YES;
				GCC_WARN_UNINITIALIZED_AUTOS = YES_AGGRESSIVE;
				GCC_WARN_UNUSED_FUNCTION = YES;
				GCC_WARN_UNUSED_VARIABLE = YES;
				LOCALIZATION_PREFERS_STRING_CATALOGS = YES;
				MTL_ENABLE_DEBUG_INFO = NO;
				MTL_FAST_MATH = YES;
				SWIFT_COMPILATION_MODE = wholemodule;
			};
			name = Release;
		};
		72A980EB2C04B1FF00EB033F /* Debug */ = {
			isa = XCBuildConfiguration;
			buildSettings = {
				ASSETCATALOG_COMPILER_APPICON_NAME = AppIcon;
				ASSETCATALOG_COMPILER_GLOBAL_ACCENT_COLOR_NAME = AccentColor;
				CODE_SIGN_ENTITLEMENTS = MagneticTT/MagneticTT.entitlements;
				CODE_SIGN_STYLE = Automatic;
				CURRENT_PROJECT_VERSION = 1;
				DEVELOPMENT_ASSET_PATHS = "\"MagneticTT/Preview Content\"";
				DEVELOPMENT_TEAM = 7MJQ4H625Q;
				ENABLE_HARDENED_RUNTIME = YES;
				ENABLE_PREVIEWS = YES;
				GENERATE_INFOPLIST_FILE = YES;
				INFOPLIST_FILE = MagneticTT/Info.plist;
				"INFOPLIST_KEY_UIApplicationSceneManifest_Generation[sdk=iphoneos*]" = YES;
				"INFOPLIST_KEY_UIApplicationSceneManifest_Generation[sdk=iphonesimulator*]" = YES;
				"INFOPLIST_KEY_UIApplicationSupportsIndirectInputEvents[sdk=iphoneos*]" = YES;
				"INFOPLIST_KEY_UIApplicationSupportsIndirectInputEvents[sdk=iphonesimulator*]" = YES;
				"INFOPLIST_KEY_UILaunchScreen_Generation[sdk=iphoneos*]" = YES;
				"INFOPLIST_KEY_UILaunchScreen_Generation[sdk=iphonesimulator*]" = YES;
				"INFOPLIST_KEY_UIStatusBarStyle[sdk=iphoneos*]" = UIStatusBarStyleDefault;
				"INFOPLIST_KEY_UIStatusBarStyle[sdk=iphonesimulator*]" = UIStatusBarStyleDefault;
				INFOPLIST_KEY_UISupportedInterfaceOrientations_iPad = "UIInterfaceOrientationPortrait UIInterfaceOrientationPortraitUpsideDown UIInterfaceOrientationLandscapeLeft UIInterfaceOrientationLandscapeRight";
				INFOPLIST_KEY_UISupportedInterfaceOrientations_iPhone = "UIInterfaceOrientationPortrait UIInterfaceOrientationLandscapeLeft UIInterfaceOrientationLandscapeRight";
				IPHONEOS_DEPLOYMENT_TARGET = 17.4;
				LD_RUNPATH_SEARCH_PATHS = "@executable_path/Frameworks";
				"LD_RUNPATH_SEARCH_PATHS[sdk=macosx*]" = "@executable_path/../Frameworks";
				MACOSX_DEPLOYMENT_TARGET = 14.4;
				MARKETING_VERSION = 1.0;
				PRODUCT_BUNDLE_IDENTIFIER = magnetic.MagneticTT;
				PRODUCT_NAME = "$(TARGET_NAME)";
				SDKROOT = auto;
				SUPPORTED_PLATFORMS = "iphoneos iphonesimulator macosx";
				SWIFT_EMIT_LOC_STRINGS = YES;
				SWIFT_VERSION = 5.0;
				TARGETED_DEVICE_FAMILY = "1,2";
			};
			name = Debug;
		};
		72A980EC2C04B1FF00EB033F /* Release */ = {
			isa = XCBuildConfiguration;
			buildSettings = {
				ASSETCATALOG_COMPILER_APPICON_NAME = AppIcon;
				ASSETCATALOG_COMPILER_GLOBAL_ACCENT_COLOR_NAME = AccentColor;
				CODE_SIGN_ENTITLEMENTS = MagneticTT/MagneticTT.entitlements;
				CODE_SIGN_STYLE = Automatic;
				CURRENT_PROJECT_VERSION = 1;
				DEVELOPMENT_ASSET_PATHS = "\"MagneticTT/Preview Content\"";
				DEVELOPMENT_TEAM = 7MJQ4H625Q;
				ENABLE_HARDENED_RUNTIME = YES;
				ENABLE_PREVIEWS = YES;
				GENERATE_INFOPLIST_FILE = YES;
				INFOPLIST_FILE = MagneticTT/Info.plist;
				"INFOPLIST_KEY_UIApplicationSceneManifest_Generation[sdk=iphoneos*]" = YES;
				"INFOPLIST_KEY_UIApplicationSceneManifest_Generation[sdk=iphonesimulator*]" = YES;
				"INFOPLIST_KEY_UIApplicationSupportsIndirectInputEvents[sdk=iphoneos*]" = YES;
				"INFOPLIST_KEY_UIApplicationSupportsIndirectInputEvents[sdk=iphonesimulator*]" = YES;
				"INFOPLIST_KEY_UILaunchScreen_Generation[sdk=iphoneos*]" = YES;
				"INFOPLIST_KEY_UILaunchScreen_Generation[sdk=iphonesimulator*]" = YES;
				"INFOPLIST_KEY_UIStatusBarStyle[sdk=iphoneos*]" = UIStatusBarStyleDefault;
				"INFOPLIST_KEY_UIStatusBarStyle[sdk=iphonesimulator*]" = UIStatusBarStyleDefault;
				INFOPLIST_KEY_UISupportedInterfaceOrientations_iPad = "UIInterfaceOrientationPortrait UIInterfaceOrientationPortraitUpsideDown UIInterfaceOrientationLandscapeLeft UIInterfaceOrientationLandscapeRight";
				INFOPLIST_KEY_UISupportedInterfaceOrientations_iPhone = "UIInterfaceOrientationPortrait UIInterfaceOrientationLandscapeLeft UIInterfaceOrientationLandscapeRight";
				IPHONEOS_DEPLOYMENT_TARGET = 17.4;
				LD_RUNPATH_SEARCH_PATHS = "@executable_path/Frameworks";
				"LD_RUNPATH_SEARCH_PATHS[sdk=macosx*]" = "@executable_path/../Frameworks";
				MACOSX_DEPLOYMENT_TARGET = 14.4;
				MARKETING_VERSION = 1.0;
				PRODUCT_BUNDLE_IDENTIFIER = magnetic.MagneticTT;
				PRODUCT_NAME = "$(TARGET_NAME)";
				SDKROOT = auto;
				SUPPORTED_PLATFORMS = "iphoneos iphonesimulator macosx";
				SWIFT_EMIT_LOC_STRINGS = YES;
				SWIFT_VERSION = 5.0;
				TARGETED_DEVICE_FAMILY = "1,2";
			};
			name = Release;
		};
/* End XCBuildConfiguration section */

/* Begin XCConfigurationList section */
		72A980D12C04B1FD00EB033F /* Build configuration list for PBXProject "MagneticTT" */ = {
			isa = XCConfigurationList;
			buildConfigurations = (
				72A980E82C04B1FF00EB033F /* Debug */,
				72A980E92C04B1FF00EB033F /* Release */,
			);
			defaultConfigurationIsVisible = 0;
			defaultConfigurationName = Release;
		};
		72A980EA2C04B1FF00EB033F /* Build configuration list for PBXNativeTarget "MagneticTT" */ = {
			isa = XCConfigurationList;
			buildConfigurations = (
				72A980EB2C04B1FF00EB033F /* Debug */,
				72A980EC2C04B1FF00EB033F /* Release */,
			);
			defaultConfigurationIsVisible = 0;
			defaultConfigurationName = Release;
		};
/* End XCConfigurationList section */

/* Begin XCRemoteSwiftPackageReference section */
		726515272C0606C60030840E /* XCRemoteSwiftPackageReference "lottie-ios" */ = {
			isa = XCRemoteSwiftPackageReference;
			repositoryURL = "https://github.com/airbnb/lottie-ios.git";
			requirement = {
				kind = upToNextMajorVersion;
				minimumVersion = 4.4.3;
			};
		};
/* End XCRemoteSwiftPackageReference section */

/* Begin XCSwiftPackageProductDependency section */
		726515282C0606C60030840E /* Lottie */ = {
			isa = XCSwiftPackageProductDependency;
			package = 726515272C0606C60030840E /* XCRemoteSwiftPackageReference "lottie-ios" */;
			productName = Lottie;
		};
/* End XCSwiftPackageProductDependency section */

/* Begin XCVersionGroup section */
		72A980DD2C04B1FD00EB033F /* MagneticTT.xcdatamodeld */ = {
			isa = XCVersionGroup;
			children = (
				72A980DE2C04B1FD00EB033F /* MagneticTT.xcdatamodel */,
			);
			currentVersion = 72A980DE2C04B1FD00EB033F /* MagneticTT.xcdatamodel */;
			path = MagneticTT.xcdatamodeld;
			sourceTree = "<group>";
			versionGroupType = wrapper.xcdatamodel;
		};
/* End XCVersionGroup section */
	};
	rootObject = 72A980CE2C04B1FD00EB033F /* Project object */;
}
